[{<<"ranch">>,
  {git,"git://github.com/ninenines/ranch.git",
       {ref,"adf1822defc2b7cfdc7aca112adabfa1d614043c"}},
  1},
 {<<"proper">>,
  {git,"git://github.com/manopapad/proper.git",
       {ref,"caacd26660f030b954b5521df9a75f59cd01869c"}},
  1},
 {<<"cowlib">>,
  {git,"git://github.com/ninenines/cowlib.git",
       {ref,"d544a494af4dbc810fc9c15eaf5cc050cced1501"}},
  1},
 {<<"jiffy">>,
  {git,"git://github.com/davisp/jiffy.git",
       {ref,"137d3d94b6ee10001d761d412cbbe7f665680c98"}},
  0},
 {<<"etest_http">>,
  {git,"git://github.com/wooga/etest_http.git",
       {ref,"5cd35631e9051989abe0b9268ab46f5a69b4a8ed"}},
  0},
 {<<"etest">>,
  {git,"git://github.com/wooga/etest.git",
       {ref,"16c033264650f22b1669bbd6a7b9e3a321266e81"}},
  0},
 {<<"cowboy">>,
  {git,"git://github.com/ninenines/cowboy.git",
       {ref,"5ff3fdd91e20a137b6378c7271826c1d94d4e3d2"}},
  0}].
